// !$*UTF8*$!
{
	archiveVersion = 1;
	classes = {
	};
	objectVersion = 50;
	objects = {

/* Begin PBXBuildFile section */
		301E0A392412B9FE009F8CDF /* AppDelegate.swift in Sources */ = {isa = PBXBuildFile; fileRef = 301E0A382412B9FE009F8CDF /* AppDelegate.swift */; };
		301E0A3B2412B9FE009F8CDF /* ViewController.swift in Sources */ = {isa = PBXBuildFile; fileRef = 301E0A3A2412B9FE009F8CDF /* ViewController.swift */; };
		301E0A3D2412BA01009F8CDF /* Assets.xcassets in Resources */ = {isa = PBXBuildFile; fileRef = 301E0A3C2412BA01009F8CDF /* Assets.xcassets */; };
		301E0A402412BA01009F8CDF /* Main.storyboard in Resources */ = {isa = PBXBuildFile; fileRef = 301E0A3E2412BA01009F8CDF /* Main.storyboard */; };
		34FB0259ACD2B707509E05A4 /* Pods_XCodeMasquerade.framework in Frameworks */ = {isa = PBXBuildFile; fileRef = E9F977B878DA1C5290738248 /* Pods_XCodeMasquerade.framework */; };
/* End PBXBuildFile section */

/* Begin PBXFileReference section */
		301E0A352412B9FE009F8CDF /* XCodeMasquerade.app */ = {isa = PBXFileReference; explicitFileType = wrapper.application; includeInIndex = 0; path = XCodeMasquerade.app; sourceTree = BUILT_PRODUCTS_DIR; };
		301E0A382412B9FE009F8CDF /* AppDelegate.swift */ = {isa = PBXFileReference; lastKnownFileType = sourcecode.swift; path = AppDelegate.swift; sourceTree = "<group>"; };
		301E0A3A2412B9FE009F8CDF /* ViewController.swift */ = {isa = PBXFileReference; lastKnownFileType = sourcecode.swift; path = ViewController.swift; sourceTree = "<group>"; };
		301E0A3C2412BA01009F8CDF /* Assets.xcassets */ = {isa = PBXFileReference; lastKnownFileType = folder.assetcatalog; path = Assets.xcassets; sourceTree = "<group>"; };
		301E0A3F2412BA01009F8CDF /* Base */ = {isa = PBXFileReference; lastKnownFileType = file.storyboard; name = Base; path = Base.lproj/Main.storyboard; sourceTree = "<group>"; };
		301E0A412412BA01009F8CDF /* Info.plist */ = {isa = PBXFileReference; lastKnownFileType = text.plist.xml; path = Info.plist; sourceTree = "<group>"; };
		301E0A422412BA01009F8CDF /* XCodeMasquerade.entitlements */ = {isa = PBXFileReference; lastKnownFileType = text.plist.entitlements; path = XCodeMasquerade.entitlements; sourceTree = "<group>"; };
		6AC83C408FC5F7B35928DCD5 /* Pods-XCodeMasquerade.debug.xcconfig */ = {isa = PBXFileReference; includeInIndex = 1; lastKnownFileType = text.xcconfig; name = "Pods-XCodeMasquerade.debug.xcconfig"; path = "Target Support Files/Pods-XCodeMasquerade/Pods-XCodeMasquerade.debug.xcconfig"; sourceTree = "<group>"; };
		84277BBB0CCA495A9645DE08 /* Pods-XCodeMasquerade.release.xcconfig */ = {isa = PBXFileReference; includeInIndex = 1; lastKnownFileType = text.xcconfig; name = "Pods-XCodeMasquerade.release.xcconfig"; path = "Target Support Files/Pods-XCodeMasquerade/Pods-XCodeMasquerade.release.xcconfig"; sourceTree = "<group>"; };
		E9F977B878DA1C5290738248 /* Pods_XCodeMasquerade.framework */ = {isa = PBXFileReference; explicitFileType = wrapper.framework; includeInIndex = 0; path = Pods_XCodeMasquerade.framework; sourceTree = BUILT_PRODUCTS_DIR; };
/* End PBXFileReference section */

/* Begin PBXFrameworksBuildPhase section */
		301E0A322412B9FE009F8CDF /* Frameworks */ = {
			isa = PBXFrameworksBuildPhase;
			buildActionMask = 2147483647;
			files = (
				34FB0259ACD2B707509E05A4 /* Pods_XCodeMasquerade.framework in Frameworks */,
			);
			runOnlyForDeploymentPostprocessing = 0;
		};
/* End PBXFrameworksBuildPhase section */

/* Begin PBXGroup section */
		213C8FAB9506F07FBD0C151E /* Frameworks */ = {
			isa = PBXGroup;
			children = (
				E9F977B878DA1C5290738248 /* Pods_XCodeMasquerade.framework */,
			);
			name = Frameworks;
			sourceTree = "<group>";
		};
		301E0A2C2412B9FE009F8CDF = {
			isa = PBXGroup;
			children = (
				301E0A372412B9FE009F8CDF /* XCodeMasquerade */,
				301E0A362412B9FE009F8CDF /* Products */,
				8E6247ED1DE78C9F7496C3F1 /* Pods */,
				213C8FAB9506F07FBD0C151E /* Frameworks */,
			);
			sourceTree = "<group>";
		};
		301E0A362412B9FE009F8CDF /* Products */ = {
			isa = PBXGroup;
			children = (
				301E0A352412B9FE009F8CDF /* XCodeMasquerade.app */,
			);
			name = Products;
			sourceTree = "<group>";
		};
		301E0A372412B9FE009F8CDF /* XCodeMasquerade */ = {
			isa = PBXGroup;
			children = (
				301E0A382412B9FE009F8CDF /* AppDelegate.swift */,
				301E0A3A2412B9FE009F8CDF /* ViewController.swift */,
				301E0A3C2412BA01009F8CDF /* Assets.xcassets */,
				301E0A3E2412BA01009F8CDF /* Main.storyboard */,
				301E0A412412BA01009F8CDF /* Info.plist */,
				301E0A422412BA01009F8CDF /* XCodeMasquerade.entitlements */,
			);
			path = XCodeMasquerade;
			sourceTree = "<group>";
		};
		8E6247ED1DE78C9F7496C3F1 /* Pods */ = {
			isa = PBXGroup;
			children = (
				6AC83C408FC5F7B35928DCD5 /* Pods-XCodeMasquerade.debug.xcconfig */,
				84277BBB0CCA495A9645DE08 /* Pods-XCodeMasquerade.release.xcconfig */,
			);
			name = Pods;
			path = Pods;
			sourceTree = "<group>";
		};
/* End PBXGroup section */

/* Begin PBXNativeTarget section */
		301E0A342412B9FE009F8CDF /* XCodeMasquerade */ = {
			isa = PBXNativeTarget;
			buildConfigurationList = 301E0A452412BA01009F8CDF /* Build configuration list for PBXNativeTarget "XCodeMasquerade" */;
			buildPhases = (
				442DBF350D814118C3507928 /* [CP] Check Pods Manifest.lock */,
				301E0A312412B9FE009F8CDF /* Sources */,
				301E0A322412B9FE009F8CDF /* Frameworks */,
				301E0A332412B9FE009F8CDF /* Resources */,
				C19CEAD80A761741CC0C201F /* [CP] Embed Pods Frameworks */,
			);
			buildRules = (
			);
			dependencies = (
			);
			name = XCodeMasquerade;
			productName = XCodeMasquerade;
			productReference = 301E0A352412B9FE009F8CDF /* XCodeMasquerade.app */;
			productType = "com.apple.product-type.application";
		};
/* End PBXNativeTarget section */

/* Begin PBXProject section */
		301E0A2D2412B9FE009F8CDF /* Project object */ = {
			isa = PBXProject;
			attributes = {
				LastSwiftUpdateCheck = 1130;
				LastUpgradeCheck = 1130;
				ORGANIZATIONNAME = m3rk;
				TargetAttributes = {
					301E0A342412B9FE009F8CDF = {
						CreatedOnToolsVersion = 11.3.1;
					};
				};
			};
			buildConfigurationList = 301E0A302412B9FE009F8CDF /* Build configuration list for PBXProject "XCodeMasquerade" */;
			compatibilityVersion = "Xcode 9.3";
			developmentRegion = en;
			hasScannedForEncodings = 0;
			knownRegions = (
				en,
				Base,
			);
			mainGroup = 301E0A2C2412B9FE009F8CDF;
			productRefGroup = 301E0A362412B9FE009F8CDF /* Products */;
			projectDirPath = "";
			projectRoot = "";
			targets = (
				301E0A342412B9FE009F8CDF /* XCodeMasquerade */,
			);
		};
/* End PBXProject section */

/* Begin PBXResourcesBuildPhase section */
		301E0A332412B9FE009F8CDF /* Resources */ = {
			isa = PBXResourcesBuildPhase;
			buildActionMask = 2147483647;
			files = (
				301E0A3D2412BA01009F8CDF /* Assets.xcassets in Resources */,
				301E0A402412BA01009F8CDF /* Main.storyboard in Resources */,
			);
			runOnlyForDeploymentPostprocessing = 0;
		};
/* End PBXResourcesBuildPhase section */

/* Begin PBXShellScriptBuildPhase section */
		442DBF350D814118C3507928 /* [CP] Check Pods Manifest.lock */ = {
			isa = PBXShellScriptBuildPhase;
			buildActionMask = 2147483647;
			files = (
			);
			inputFileListPaths = (
			);
			inputPaths = (
				"${PODS_PODFILE_DIR_PATH}/Podfile.lock",
				"${PODS_ROOT}/Manifest.lock",
			);
			name = "[CP] Check Pods Manifest.lock";
			outputFileListPaths = (
			);
			outputPaths = (
				"$(DERIVED_FILE_DIR)/Pods-XCodeMasquerade-checkManifestLockResult.txt",
			);
			runOnlyForDeploymentPostprocessing = 0;
			shellPath = /bin/sh;
			shellScript = "diff \"${PODS_PODFILE_DIR_PATH}/Podfile.lock\" \"${PODS_ROOT}/Manifest.lock\" > /dev/null\nif [ $? != 0 ] ; then\n    # print error to STDERR\n    echo \"error: The sandbox is not in sync with the Podfile.lock. Run 'pod install' or update your CocoaPods installation.\" >&2\n    exit 1\nfi\n# This output is used by Xcode 'outputs' to avoid re-running this script phase.\necho \"SUCCESS\" > \"${SCRIPT_OUTPUT_FILE_0}\"\n";
			showEnvVarsInLog = 0;
		};
		C19CEAD80A761741CC0C201F /* [CP] Embed Pods Frameworks */ = {
			isa = PBXShellScriptBuildPhase;
			buildActionMask = 2147483647;
			files = (
			);
			inputFileListPaths = (
				"${PODS_ROOT}/Target Support Files/Pods-XCodeMasquerade/Pods-XCodeMasquerade-frameworks-${CONFIGURATION}-input-files.xcfilelist",
			);
			name = "[CP] Embed Pods Frameworks";
			outputFileListPaths = (
				"${PODS_ROOT}/Target Support Files/Pods-XCodeMasquerade/Pods-XCodeMasquerade-frameworks-${CONFIGURATION}-output-files.xcfilelist",
			);
			runOnlyForDeploymentPostprocessing = 0;
			shellPath = /bin/sh;
			shellScript = "\"${PODS_ROOT}/Target Support Files/Pods-XCodeMasquerade/Pods-XCodeMasquerade-frameworks.sh\"\n";
			showEnvVarsInLog = 0;
		};
/* End PBXShellScriptBuildPhase section */

/* Begin PBXSourcesBuildPhase section */
		301E0A312412B9FE009F8CDF /* Sources */ = {
			isa = PBXSourcesBuildPhase;
			buildActionMask = 2147483647;
			files = (
				301E0A3B2412B9FE009F8CDF /* ViewController.swift in Sources */,
				301E0A392412B9FE009F8CDF /* AppDelegate.swift in Sources */,
			);
			runOnlyForDeploymentPostprocessing = 0;
		};
/* End PBXSourcesBuildPhase section */

/* Begin PBXVariantGroup section */
		301E0A3E2412BA01009F8CDF /* Main.storyboard */ = {
			isa = PBXVariantGroup;
			children = (
				301E0A3F2412BA01009F8CDF /* Base */,
			);
			name = Main.storyboard;
			sourceTree = "<group>";
		};
/* End PBXVariantGroup section */

/* Begin XCBuildConfiguration section */
		301E0A432412BA01009F8CDF /* Debug */ = {
			isa = XCBuildConfiguration;
			buildSettings = {
				ALWAYS_SEARCH_USER_PATHS = NO;
				CLANG_ANALYZER_NONNULL = YES;
				CLANG_ANALYZER_NUMBER_OBJECT_CONVERSION = YES_AGGRESSIVE;
				CLANG_CXX_LANGUAGE_STANDARD = "gnu++14";
				CLANG_CXX_LIBRARY = "libc++";
				CLANG_ENABLE_MODULES = YES;
				CLANG_ENABLE_OBJC_ARC = YES;
				CLANG_ENABLE_OBJC_WEAK = YES;
				CLANG_WARN_BLOCK_CAPTURE_AUTORELEASING = YES;
				CLANG_WARN_BOOL_CONVERSION = YES;
				CLANG_WARN_COMMA = YES;
				CLANG_WARN_CONSTANT_CONVERSION = YES;
				CLANG_WARN_DEPRECATED_OBJC_IMPLEMENTATIONS = YES;
				CLANG_WARN_DIRECT_OBJC_ISA_USAGE = YES_ERROR;
				CLANG_WARN_DOCUMENTATION_COMMENTS = YES;
				CLANG_WARN_EMPTY_BODY = YES;
				CLANG_WARN_ENUM_CONVERSION = YES;
				CLANG_WARN_INFINITE_RECURSION = YES;
				CLANG_WARN_INT_CONVERSION = YES;
				CLANG_WARN_NON_LITERAL_NULL_CONVERSION = YES;
				CLANG_WARN_OBJC_IMPLICIT_RETAIN_SELF = YES;
				CLANG_WARN_OBJC_LITERAL_CONVERSION = YES;
				CLANG_WARN_OBJC_ROOT_CLASS = YES_ERROR;
				CLANG_WARN_RANGE_LOOP_ANALYSIS = YES;
				CLANG_WARN_STRICT_PROTOTYPES = YES;
				CLANG_WARN_SUSPICIOUS_MOVE = YES;
				CLANG_WARN_UNGUARDED_AVAILABILITY = YES_AGGRESSIVE;
				CLANG_WARN_UNREACHABLE_CODE = YES;
				CLANG_WARN__DUPLICATE_METHOD_MATCH = YES;
				COPY_PHASE_STRIP = NO;
				DEBUG_INFORMATION_FORMAT = dwarf;
				ENABLE_STRICT_OBJC_MSGSEND = YES;
				ENABLE_TESTABILITY = YES;
				GCC_C_LANGUAGE_STANDARD = gnu11;
				GCC_DYNAMIC_NO_PIC = NO;
				GCC_NO_COMMON_BLOCKS = YES;
				GCC_OPTIMIZATION_LEVEL = 0;
				GCC_PREPROCESSOR_DEFINITIONS = (
					"DEBUG=1",
					"$(inherited)",
				);
				GCC_WARN_64_TO_32_BIT_CONVERSION = YES;
				GCC_WARN_ABOUT_RETURN_TYPE = YES_ERROR;
				GCC_WARN_UNDECLARED_SELECTOR = YES;
				GCC_WARN_UNINITIALIZED_AUTOS = YES_AGGRESSIVE;
				GCC_WARN_UNUSED_FUNCTION = YES;
				GCC_WARN_UNUSED_VARIABLE = YES;
				MACOSX_DEPLOYMENT_TARGET = 10.12;
				MTL_ENABLE_DEBUG_INFO = INCLUDE_SOURCE;
				MTL_FAST_MATH = YES;
				ONLY_ACTIVE_ARCH = YES;
				SDKROOT = macosx;
				SWIFT_ACTIVE_COMPILATION_CONDITIONS = DEBUG;
				SWIFT_OPTIMIZATION_LEVEL = "-Onone";
			};
			name = Debug;
		};
		301E0A442412BA01009F8CDF /* Release */ = {
			isa = XCBuildConfiguration;
			buildSettings = {
				ALWAYS_SEARCH_USER_PATHS = NO;
				CLANG_ANALYZER_NONNULL = YES;
				CLANG_ANALYZER_NUMBER_OBJECT_CONVERSION = YES_AGGRESSIVE;
				CLANG_CXX_LANGUAGE_STANDARD = "gnu++14";
				CLANG_CXX_LIBRARY = "libc++";
				CLANG_ENABLE_MODULES = YES;
				CLANG_ENABLE_OBJC_ARC = YES;
				CLANG_ENABLE_OBJC_WEAK = YES;
				CLANG_WARN_BLOCK_CAPTURE_AUTORELEASING = YES;
				CLANG_WARN_BOOL_CONVERSION = YES;
				CLANG_WARN_COMMA = YES;
				CLANG_WARN_CONSTANT_CONVERSION = YES;
				CLANG_WARN_DEPRECATED_OBJC_IMPLEMENTATIONS = YES;
				CLANG_WARN_DIRECT_OBJC_ISA_USAGE = YES_ERROR;
				CLANG_WARN_DOCUMENTATION_COMMENTS = YES;
				CLANG_WARN_EMPTY_BODY = YES;
				CLANG_WARN_ENUM_CONVERSION = YES;
				CLANG_WARN_INFINITE_RECURSION = YES;
				CLANG_WARN_INT_CONVERSION = YES;
				CLANG_WARN_NON_LITERAL_NULL_CONVERSION = YES;
				CLANG_WARN_OBJC_IMPLICIT_RETAIN_SELF = YES;
				CLANG_WARN_OBJC_LITERAL_CONVERSION = YES;
				CLANG_WARN_OBJC_ROOT_CLASS = YES_ERROR;
				CLANG_WARN_RANGE_LOOP_ANALYSIS = YES;
				CLANG_WARN_STRICT_PROTOTYPES = YES;
				CLANG_WARN_SUSPICIOUS_MOVE = YES;
				CLANG_WARN_UNGUARDED_AVAILABILITY = YES_AGGRESSIVE;
				CLANG_WARN_UNREACHABLE_CODE = YES;
				CLANG_WARN__DUPLICATE_METHOD_MATCH = YES;
				COPY_PHASE_STRIP = NO;
				DEBUG_INFORMATION_FORMAT = "dwarf-with-dsym";
				ENABLE_NS_ASSERTIONS = NO;
				ENABLE_STRICT_OBJC_MSGSEND = YES;
				GCC_C_LANGUAGE_STANDARD = gnu11;
				GCC_NO_COMMON_BLOCKS = YES;
				GCC_WARN_64_TO_32_BIT_CONVERSION = YES;
				GCC_WARN_ABOUT_RETURN_TYPE = YES_ERROR;
				GCC_WARN_UNDECLARED_SELECTOR = YES;
				GCC_WARN_UNINITIALIZED_AUTOS = YES_AGGRESSIVE;
				GCC_WARN_UNUSED_FUNCTION = YES;
				GCC_WARN_UNUSED_VARIABLE = YES;
				MACOSX_DEPLOYMENT_TARGET = 10.12;
				MTL_ENABLE_DEBUG_INFO = NO;
				MTL_FAST_MATH = YES;
				SDKROOT = macosx;
				SWIFT_COMPILATION_MODE = wholemodule;
				SWIFT_OPTIMIZATION_LEVEL = "-O";
			};
			name = Release;
		};
		301E0A462412BA01009F8CDF /* Debug */ = {
			isa = XCBuildConfiguration;
			baseConfigurationReference = 6AC83C408FC5F7B35928DCD5 /* Pods-XCodeMasquerade.debug.xcconfig */;
			buildSettings = {
				ASSETCATALOG_COMPILER_APPICON_NAME = AppIcon;
				CODE_SIGN_ENTITLEMENTS = XCodeMasquerade/XCodeMasquerade.entitlements;
				CODE_SIGN_STYLE = Automatic;
				COMBINE_HIDPI_IMAGES = YES;
				DEVELOPMENT_TEAM = 6DLQ3N49V9;
				ENABLE_HARDENED_RUNTIME = YES;
				INFOPLIST_FILE = XCodeMasquerade/Info.plist;
				LD_RUNPATH_SEARCH_PATHS = (
					"$(inherited)",
					"@executable_path/../Frameworks",
				);
				MACOSX_DEPLOYMENT_TARGET = 10.12;
				PRODUCT_BUNDLE_IDENTIFIER = com.m3rk.corp.XCodeMasquerade;
				PRODUCT_NAME = "$(TARGET_NAME)";
				SWIFT_VERSION = 5.0;
			};
			name = Debug;
		};
		301E0A472412BA01009F8CDF /* Release */ = {
			isa = XCBuildConfiguration;
			baseConfigurationReference = 84277BBB0CCA495A9645DE08 /* Pods-XCodeMasquerade.release.xcconfig */;
			buildSettings = {
				ASSETCATALOG_COMPILER_APPICON_NAME = AppIcon;
				CODE_SIGN_ENTITLEMENTS = XCodeMasquerade/XCodeMasquerade.entitlements;
				CODE_SIGN_STYLE = Automatic;
				COMBINE_HIDPI_IMAGES = YES;
				DEVELOPMENT_TEAM = 6DLQ3N49V9;
				ENABLE_HARDENED_RUNTIME = YES;
				INFOPLIST_FILE = XCodeMasquerade/Info.plist;
				LD_RUNPATH_SEARCH_PATHS = (
					"$(inherited)",
					"@executable_path/../Frameworks",
				);
				MACOSX_DEPLOYMENT_TARGET = 10.12;
				PRODUCT_BUNDLE_IDENTIFIER = com.m3rk.corp.XCodeMasquerade;
				PRODUCT_NAME = "$(TARGET_NAME)";
				SWIFT_VERSION = 5.0;
			};
			name = Release;
		};
/* End XCBuildConfiguration section */

/* Begin XCConfigurationList section */
		301E0A302412B9FE009F8CDF /* Build configuration list for PBXProject "XCodeMasquerade" */ = {
			isa = XCConfigurationList;
			buildConfigurations = (
				301E0A432412BA01009F8CDF /* Debug */,
				301E0A442412BA01009F8CDF /* Release */,
			);
			defaultConfigurationIsVisible = 0;
			defaultConfigurationName = Release;
		};
		301E0A452412BA01009F8CDF /* Build configuration list for PBXNativeTarget "XCodeMasquerade" */ = {
			isa = XCConfigurationList;
			buildConfigurations = (
				301E0A462412BA01009F8CDF /* Debug */,
				301E0A472412BA01009F8CDF /* Release */,
			);
			defaultConfigurationIsVisible = 0;
			defaultConfigurationName = Release;
		};
/* End XCConfigurationList section */
	};
	rootObject = 301E0A2D2412B9FE009F8CDF /* Project object */;
}
